
Microsoft Visual Studio Solution File, Format Version 12.00
# Visual Studio 15
VisualStudioVersion = 15.0.27703.2000
MinimumVisualStudioVersion = 10.0.40219.1
Project("{FAE04EC0-301F-11D3-BF4B-00C04F79EFBC}") = "EPAM_Task13", "EPAM_Task13\EPAM_Task13.csproj", "{F608A6A7-EB3B-4A03-8F65-7B95B75DC04C}"
EndProject
Global
	GlobalSection(SolutionConfigurationPlatforms) = preSolution
		Debug|Any CPU = Debug|Any CPU
		Release|Any CPU = Release|Any CPU
	EndGlobalSection
	GlobalSection(ProjectConfigurationPlatforms) = postSolution
		{F608A6A7-EB3B-4A03-8F65-7B95B75DC04C}.Debug|Any CPU.ActiveCfg = Debug|Any CPU
		{F608A6A7-EB3B-4A03-8F65-7B95B75DC04C}.Debug|Any CPU.Build.0 = Debug|Any CPU
		{F608A6A7-EB3B-4A03-8F65-7B95B75DC04C}.Release|Any CPU.ActiveCfg = Release|Any CPU
		{F608A6A7-EB3B-4A03-8F65-7B95B75DC04C}.Release|Any CPU.Build.0 = Release|Any CPU
	EndGlobalSection
	GlobalSection(SolutionProperties) = preSolution
		HideSolutionNode = FALSE
	EndGlobalSection
	GlobalSection(ExtensibilityGlobals) = postSolution
		SolutionGuid = {D2E36EAD-6421-4E52-9CC4-5344A37D540B}
	EndGlobalSection
EndGlobal
